{
  "nodes": {
    "nixpkgs": {
      "locked": {
        "lastModified": 1784783405,
        "narHash": "sha256-DyIgdST66pzDA+9KRFS2K3fGgskgCQ8UiBxueFC7CTw=",
        "rev": "7525d999cd850b9a488817abc89c75dc733acf17",
        "type": "tarball",
        "url": "https://releases.nixos.org/nixpkgs/nixpkgs-26.11pre1040318.7525d999cd85/nixexprs.tar.xz"
      },
      "original": {
        "id": "nixpkgs",
        "type": "indirect"
      }
    },
    "nixpkgs-legacy": {
      "locked": {
        "lastModified": 1769068087,
        "narHash": "sha256-EcbT3Vf1vUK5ZtRRCqmzT+DmN4q4KP4PIuiTvq0nR+o=",
        "owner": "NixOS",
        "repo": "nixpkgs",
        "rev": "5d61a47f31092319ab82b44213420974b91c9bc1",
        "type": "github"
      },
      "original": {
        "owner": "NixOS",
        "repo": "nixpkgs",
        "rev": "5d61a47f31092319ab82b44213420974b91c9bc1",
        "type": "github"
      }
    },
    "root": {
      "inputs": {
        "nixpkgs": "nixpkgs",
        "nixpkgs-legacy": "nixpkgs-legacy"
      }
    }
  },
  "root": "root",
  "version": 7
}
